
Microsoft Visual Studio Solution File, Format Version 12.00
# Visual Studio 2012
Project("{FAE04EC0-301F-11D3-BF4B-00C04F79EFBC}") = "match30", "ConsoleApplication5\match30.csproj", "{77977457-E2B3-441B-B19F-A906C98B4E67}"
EndProject
Global
	GlobalSection(SolutionConfigurationPlatforms) = preSolution
		Debug|Any CPU = Debug|Any CPU
		Release|Any CPU = Release|Any CPU
	EndGlobalSection
	GlobalSection(ProjectConfigurationPlatforms) = postSolution
		{77977457-E2B3-441B-B19F-A906C98B4E67}.Debug|Any CPU.ActiveCfg = Debug|Any CPU
		{77977457-E2B3-441B-B19F-A906C98B4E67}.Debug|Any CPU.Build.0 = Debug|Any CPU
		{77977457-E2B3-441B-B19F-A906C98B4E67}.Release|Any CPU.ActiveCfg = Release|Any CPU
		{77977457-E2B3-441B-B19F-A906C98B4E67}.Release|Any CPU.Build.0 = Release|Any CPU
	EndGlobalSection
	GlobalSection(SolutionProperties) = preSolution
		HideSolutionNode = FALSE
	EndGlobalSection
EndGlobal
